// !$*UTF8*$!
{
	archiveVersion = 1;
	classes = {
	};
	objectVersion = 70;
	objects = {

/* Begin PBXBuildFile section */
		601B186C2D0C2DD600719937 /* SwiftSoup in Frameworks */ = {isa = PBXBuildFile; productRef = 601B186B2D0C2DD600719937 /* SwiftSoup */; };
		601B186E2D0C2DEC00719937 /* RecipeSaver.swift in Sources */ = {isa = PBXBuildFile; fileRef = 601B186D2D0C2DEC00719937 /* RecipeSaver.swift */; };
		6044B66A2D20007D004BA6FB /* ImageCache.swift in Sources */ = {isa = PBXBuildFile; fileRef = 6044B6692D20007D004BA6FB /* ImageCache.swift */; };
		6044B66D2D2007C2004BA6FB /* Kingfisher in Frameworks */ = {isa = PBXBuildFile; productRef = 6044B66C2D2007C2004BA6FB /* Kingfisher */; };
		604FB9162CF76679001F0657 /* SegmentedProgressBar.swift in Sources */ = {isa = PBXBuildFile; fileRef = 604FB9152CF76679001F0657 /* SegmentedProgressBar.swift */; };
		604FB9182CF76E9C001F0657 /* RoundedButton.swift in Sources */ = {isa = PBXBuildFile; fileRef = 604FB9172CF76E9C001F0657 /* RoundedButton.swift */; };
		604FB91A2CF77341001F0657 /* OnboardingPage.swift in Sources */ = {isa = PBXBuildFile; fileRef = 604FB9192CF77341001F0657 /* OnboardingPage.swift */; };
		6068DE672D1925B7006F18D7 /* SavedRecipesView.swift in Sources */ = {isa = PBXBuildFile; fileRef = 6068DE662D1925B7006F18D7 /* SavedRecipesView.swift */; };
		6068DE692D192C39006F18D7 /* SavedSourceCard.swift in Sources */ = {isa = PBXBuildFile; fileRef = 6068DE682D192C39006F18D7 /* SavedSourceCard.swift */; };
		6068DE6B2D192E80006F18D7 /* ExternalSourceManager.swift in Sources */ = {isa = PBXBuildFile; fileRef = 6068DE6A2D192E80006F18D7 /* ExternalSourceManager.swift */; };
		6068DE6F2D1935DA006F18D7 /* ExternalSource.swift in Sources */ = {isa = PBXBuildFile; fileRef = 6068DE6E2D1935DA006F18D7 /* ExternalSource.swift */; };
		6068DE712D1935F6006F18D7 /* SearchTextField.swift in Sources */ = {isa = PBXBuildFile; fileRef = 6068DE702D1935F6006F18D7 /* SearchTextField.swift */; };
		6068DE732D193A5B006F18D7 /* WebView.swift in Sources */ = {isa = PBXBuildFile; fileRef = 6068DE722D193A5B006F18D7 /* WebView.swift */; };
		607CCFC52D04EE7000C01E57 /* RecipeDetails.swift in Sources */ = {isa = PBXBuildFile; fileRef = 607CCFC42D04EE7000C01E57 /* RecipeDetails.swift */; };
		608EFFA22D00545A00CB9457 /* RichButton.swift in Sources */ = {isa = PBXBuildFile; fileRef = 608EFFA12D00545A00CB9457 /* RichButton.swift */; };
		60A018A72CF6481500F4A823 /* UltimateRecipeHub.swift in Sources */ = {isa = PBXBuildFile; fileRef = 60A018A62CF6481500F4A823 /* UltimateRecipeHub.swift */; };
		60A018A92CF6481500F4A823 /* MainView.swift in Sources */ = {isa = PBXBuildFile; fileRef = 60A018A82CF6481500F4A823 /* MainView.swift */; };
		60A018AB2CF6481700F4A823 /* Assets.xcassets in Resources */ = {isa = PBXBuildFile; fileRef = 60A018AA2CF6481700F4A823 /* Assets.xcassets */; };
		60A018AE2CF6481700F4A823 /* Preview Assets.xcassets in Resources */ = {isa = PBXBuildFile; fileRef = 60A018AD2CF6481700F4A823 /* Preview Assets.xcassets */; };
		60B914A02CF8B38400DEE040 /* OnboardingCookingSkillPage.swift in Sources */ = {isa = PBXBuildFile; fileRef = 60B9149F2CF8B38400DEE040 /* OnboardingCookingSkillPage.swift */; };
		60B914A22CF8B41800DEE040 /* OnboardingGoalPage.swift in Sources */ = {isa = PBXBuildFile; fileRef = 60B914A12CF8B41800DEE040 /* OnboardingGoalPage.swift */; };
		60B914A42CF8B43F00DEE040 /* OnboardingPreferencesPage.swift in Sources */ = {isa = PBXBuildFile; fileRef = 60B914A32CF8B43F00DEE040 /* OnboardingPreferencesPage.swift */; };
		60B914A72CF8B55600DEE040 /* MultipleSelectionRichButton.swift in Sources */ = {isa = PBXBuildFile; fileRef = 60B914A62CF8B55600DEE040 /* MultipleSelectionRichButton.swift */; };
		60B914A92CF8B5B600DEE040 /* SingleSelectionRichButton.swift in Sources */ = {isa = PBXBuildFile; fileRef = 60B914A82CF8B5B600DEE040 /* SingleSelectionRichButton.swift */; };
		60B914AB2CF8B71A00DEE040 /* MultiTitledHeader.swift in Sources */ = {isa = PBXBuildFile; fileRef = 60B914AA2CF8B71A00DEE040 /* MultiTitledHeader.swift */; };
		60B914AD2CF8B7FD00DEE040 /* OnboardingSensitivityPage.swift in Sources */ = {isa = PBXBuildFile; fileRef = 60B914AC2CF8B7FD00DEE040 /* OnboardingSensitivityPage.swift */; };
		60B914AF2CF8B99700DEE040 /* MultipleSelectionRichButtonRed.swift in Sources */ = {isa = PBXBuildFile; fileRef = 60B914AE2CF8B99700DEE040 /* MultipleSelectionRichButtonRed.swift */; };
		60BC55802CFBB9B100454CF5 /* Enums.swift in Sources */ = {isa = PBXBuildFile; fileRef = 60BC557F2CFBB9B100454CF5 /* Enums.swift */; };
		60BC55822CFBB9C200454CF5 /* User.swift in Sources */ = {isa = PBXBuildFile; fileRef = 60BC55812CFBB9C200454CF5 /* User.swift */; };
		60BC55842CFBD5FD00454CF5 /* HomeView.swift in Sources */ = {isa = PBXBuildFile; fileRef = 60BC55832CFBD5FD00454CF5 /* HomeView.swift */; };
		60BC55862CFD6B6D00454CF5 /* OnBoardingView.swift in Sources */ = {isa = PBXBuildFile; fileRef = 60BC55852CFD6B6C00454CF5 /* OnBoardingView.swift */; };
		60BC55882CFD7B9600454CF5 /* RecipeCard.swift in Sources */ = {isa = PBXBuildFile; fileRef = 60BC55872CFD7B9600454CF5 /* RecipeCard.swift */; };
		60CC42C12D1CE4E7006E013E /* SavedRestaurantView.swift in Sources */ = {isa = PBXBuildFile; fileRef = 60CC42C02D1CE4E5006E013E /* SavedRestaurantView.swift */; };
		60CC42C32D1CE6FA006E013E /* SaveExternalSourceCardView.swift in Sources */ = {isa = PBXBuildFile; fileRef = 60CC42C22D1CE6FA006E013E /* SaveExternalSourceCardView.swift */; };
/* End PBXBuildFile section */

/* Begin PBXFileReference section */
		601B186D2D0C2DEC00719937 /* RecipeSaver.swift */ = {isa = PBXFileReference; lastKnownFileType = sourcecode.swift; path = RecipeSaver.swift; sourceTree = "<group>"; };
		6044B6692D20007D004BA6FB /* ImageCache.swift */ = {isa = PBXFileReference; lastKnownFileType = sourcecode.swift; path = ImageCache.swift; sourceTree = "<group>"; };
		604FB9152CF76679001F0657 /* SegmentedProgressBar.swift */ = {isa = PBXFileReference; lastKnownFileType = sourcecode.swift; path = SegmentedProgressBar.swift; sourceTree = "<group>"; };
		604FB9172CF76E9C001F0657 /* RoundedButton.swift */ = {isa = PBXFileReference; lastKnownFileType = sourcecode.swift; path = RoundedButton.swift; sourceTree = "<group>"; };
		604FB9192CF77341001F0657 /* OnboardingPage.swift */ = {isa = PBXFileReference; lastKnownFileType = sourcecode.swift; path = OnboardingPage.swift; sourceTree = "<group>"; };
		6068DE662D1925B7006F18D7 /* SavedRecipesView.swift */ = {isa = PBXFileReference; lastKnownFileType = sourcecode.swift; path = SavedRecipesView.swift; sourceTree = "<group>"; };
		6068DE682D192C39006F18D7 /* SavedSourceCard.swift */ = {isa = PBXFileReference; lastKnownFileType = sourcecode.swift; path = SavedSourceCard.swift; sourceTree = "<group>"; };
		6068DE6A2D192E80006F18D7 /* ExternalSourceManager.swift */ = {isa = PBXFileReference; lastKnownFileType = sourcecode.swift; path = ExternalSourceManager.swift; sourceTree = "<group>"; };
		6068DE6E2D1935DA006F18D7 /* ExternalSource.swift */ = {isa = PBXFileReference; lastKnownFileType = sourcecode.swift; path = ExternalSource.swift; sourceTree = "<group>"; };
		6068DE702D1935F6006F18D7 /* SearchTextField.swift */ = {isa = PBXFileReference; lastKnownFileType = sourcecode.swift; path = SearchTextField.swift; sourceTree = "<group>"; };
		6068DE722D193A5B006F18D7 /* WebView.swift */ = {isa = PBXFileReference; lastKnownFileType = sourcecode.swift; path = WebView.swift; sourceTree = "<group>"; };
		607CCFC42D04EE7000C01E57 /* RecipeDetails.swift */ = {isa = PBXFileReference; lastKnownFileType = sourcecode.swift; path = RecipeDetails.swift; sourceTree = "<group>"; };
		608EFFA12D00545A00CB9457 /* RichButton.swift */ = {isa = PBXFileReference; lastKnownFileType = sourcecode.swift; path = RichButton.swift; sourceTree = "<group>"; };
		60A018A32CF6481500F4A823 /* The Ultimate Recipe Hub.app */ = {isa = PBXFileReference; explicitFileType = wrapper.application; includeInIndex = 0; path = "The Ultimate Recipe Hub.app"; sourceTree = BUILT_PRODUCTS_DIR; };
		60A018A62CF6481500F4A823 /* UltimateRecipeHub.swift */ = {isa = PBXFileReference; lastKnownFileType = sourcecode.swift; path = UltimateRecipeHub.swift; sourceTree = "<group>"; };
		60A018A82CF6481500F4A823 /* MainView.swift */ = {isa = PBXFileReference; lastKnownFileType = sourcecode.swift; path = MainView.swift; sourceTree = "<group>"; };
		60A018AA2CF6481700F4A823 /* Assets.xcassets */ = {isa = PBXFileReference; lastKnownFileType = folder.assetcatalog; path = Assets.xcassets; sourceTree = "<group>"; };
		60A018AD2CF6481700F4A823 /* Preview Assets.xcassets */ = {isa = PBXFileReference; lastKnownFileType = folder.assetcatalog; path = "Preview Assets.xcassets"; sourceTree = "<group>"; };
		60B9149F2CF8B38400DEE040 /* OnboardingCookingSkillPage.swift */ = {isa = PBXFileReference; lastKnownFileType = sourcecode.swift; path = OnboardingCookingSkillPage.swift; sourceTree = "<group>"; };
		60B914A12CF8B41800DEE040 /* OnboardingGoalPage.swift */ = {isa = PBXFileReference; lastKnownFileType = sourcecode.swift; path = OnboardingGoalPage.swift; sourceTree = "<group>"; };
		60B914A32CF8B43F00DEE040 /* OnboardingPreferencesPage.swift */ = {isa = PBXFileReference; lastKnownFileType = sourcecode.swift; path = OnboardingPreferencesPage.swift; sourceTree = "<group>"; };
		60B914A62CF8B55600DEE040 /* MultipleSelectionRichButton.swift */ = {isa = PBXFileReference; lastKnownFileType = sourcecode.swift; path = MultipleSelectionRichButton.swift; sourceTree = "<group>"; };
		60B914A82CF8B5B600DEE040 /* SingleSelectionRichButton.swift */ = {isa = PBXFileReference; lastKnownFileType = sourcecode.swift; path = SingleSelectionRichButton.swift; sourceTree = "<group>"; };
		60B914AA2CF8B71A00DEE040 /* MultiTitledHeader.swift */ = {isa = PBXFileReference; lastKnownFileType = sourcecode.swift; path = MultiTitledHeader.swift; sourceTree = "<group>"; };
		60B914AC2CF8B7FD00DEE040 /* OnboardingSensitivityPage.swift */ = {isa = PBXFileReference; lastKnownFileType = sourcecode.swift; path = OnboardingSensitivityPage.swift; sourceTree = "<group>"; };
		60B914AE2CF8B99700DEE040 /* MultipleSelectionRichButtonRed.swift */ = {isa = PBXFileReference; lastKnownFileType = sourcecode.swift; path = MultipleSelectionRichButtonRed.swift; sourceTree = "<group>"; };
		60BC557F2CFBB9B100454CF5 /* Enums.swift */ = {isa = PBXFileReference; lastKnownFileType = sourcecode.swift; path = Enums.swift; sourceTree = "<group>"; };
		60BC55812CFBB9C200454CF5 /* User.swift */ = {isa = PBXFileReference; lastKnownFileType = sourcecode.swift; path = User.swift; sourceTree = "<group>"; };
		60BC55832CFBD5FD00454CF5 /* HomeView.swift */ = {isa = PBXFileReference; lastKnownFileType = sourcecode.swift; path = HomeView.swift; sourceTree = "<group>"; };
		60BC55852CFD6B6C00454CF5 /* OnBoardingView.swift */ = {isa = PBXFileReference; lastKnownFileType = sourcecode.swift; path = OnBoardingView.swift; sourceTree = "<group>"; };
		60BC55872CFD7B9600454CF5 /* RecipeCard.swift */ = {isa = PBXFileReference; lastKnownFileType = sourcecode.swift; path = RecipeCard.swift; sourceTree = "<group>"; };
		60CC42C02D1CE4E5006E013E /* SavedRestaurantView.swift */ = {isa = PBXFileReference; lastKnownFileType = sourcecode.swift; path = SavedRestaurantView.swift; sourceTree = "<group>"; };
		60CC42C22D1CE6FA006E013E /* SaveExternalSourceCardView.swift */ = {isa = PBXFileReference; lastKnownFileType = sourcecode.swift; path = SaveExternalSourceCardView.swift; sourceTree = "<group>"; };
/* End PBXFileReference section */

/* Begin PBXFileSystemSynchronizedRootGroup section */
		6002410B2D31B39B009F5021 /* Pages */ = {isa = PBXFileSystemSynchronizedRootGroup; explicitFileTypes = {}; explicitFolders = (); path = Pages; sourceTree = "<group>"; };
		6044B66E2D2312AB004BA6FB /* MealPlan */ = {isa = PBXFileSystemSynchronizedRootGroup; explicitFileTypes = {}; explicitFolders = (); path = MealPlan; sourceTree = "<group>"; };
		6044B6872D315DD5004BA6FB /* Resources */ = {isa = PBXFileSystemSynchronizedRootGroup; explicitFileTypes = {}; explicitFolders = (); path = Resources; sourceTree = "<group>"; };
		6044B6942D316108004BA6FB /* Logic */ = {isa = PBXFileSystemSynchronizedRootGroup; explicitFileTypes = {}; explicitFolders = (); path = Logic; sourceTree = "<group>"; };
/* End PBXFileSystemSynchronizedRootGroup section */

/* Begin PBXFrameworksBuildPhase section */
		60A018A02CF6481500F4A823 /* Frameworks */ = {
			isa = PBXFrameworksBuildPhase;
			buildActionMask = 2147483647;
			files = (
				6044B66D2D2007C2004BA6FB /* Kingfisher in Frameworks */,
				601B186C2D0C2DD600719937 /* SwiftSoup in Frameworks */,
			);
			runOnlyForDeploymentPostprocessing = 0;
		};
/* End PBXFrameworksBuildPhase section */

/* Begin PBXGroup section */
		6068DE6D2D192FD1006F18D7 /* SaveExternalSource */ = {
			isa = PBXGroup;
			children = (
				6044B6692D20007D004BA6FB /* ImageCache.swift */,
				60CC42C22D1CE6FA006E013E /* SaveExternalSourceCardView.swift */,
				60CC42C02D1CE4E5006E013E /* SavedRestaurantView.swift */,
				6068DE722D193A5B006F18D7 /* WebView.swift */,
				6068DE702D1935F6006F18D7 /* SearchTextField.swift */,
				6068DE6E2D1935DA006F18D7 /* ExternalSource.swift */,
				6068DE682D192C39006F18D7 /* SavedSourceCard.swift */,
				6068DE662D1925B7006F18D7 /* SavedRecipesView.swift */,
				6068DE6A2D192E80006F18D7 /* ExternalSourceManager.swift */,
				601B186D2D0C2DEC00719937 /* RecipeSaver.swift */,
			);
			path = SaveExternalSource;
			sourceTree = "<group>";
		};
		60A0189A2CF6481500F4A823 = {
			isa = PBXGroup;
			children = (
				60A018A52CF6481500F4A823 /* The Ultimate Recipe Hub */,
				60A018A42CF6481500F4A823 /* Products */,
			);
			sourceTree = "<group>";
		};
		60A018A42CF6481500F4A823 /* Products */ = {
			isa = PBXGroup;
			children = (
				60A018A32CF6481500F4A823 /* The Ultimate Recipe Hub.app */,
			);
			name = Products;
			sourceTree = "<group>";
		};
		60A018A52CF6481500F4A823 /* The Ultimate Recipe Hub */ = {
			isa = PBXGroup;
			children = (
				6002410B2D31B39B009F5021 /* Pages */,
				6044B6942D316108004BA6FB /* Logic */,
				6044B6872D315DD5004BA6FB /* Resources */,
				6044B66E2D2312AB004BA6FB /* MealPlan */,
				60BC557E2CFBB99F00454CF5 /* Core */,
				60B914A52CF8B53500DEE040 /* Components */,
				604FB9192CF77341001F0657 /* OnboardingPage.swift */,
				60BC55872CFD7B9600454CF5 /* RecipeCard.swift */,
				60B914A32CF8B43F00DEE040 /* OnboardingPreferencesPage.swift */,
				60B914AC2CF8B7FD00DEE040 /* OnboardingSensitivityPage.swift */,
				60B914A12CF8B41800DEE040 /* OnboardingGoalPage.swift */,
				60B9149F2CF8B38400DEE040 /* OnboardingCookingSkillPage.swift */,
				60A018A62CF6481500F4A823 /* UltimateRecipeHub.swift */,
				60A018A82CF6481500F4A823 /* MainView.swift */,
				60A018AA2CF6481700F4A823 /* Assets.xcassets */,
				60A018AC2CF6481700F4A823 /* Preview Content */,
				604FB9152CF76679001F0657 /* SegmentedProgressBar.swift */,
				60BC55832CFBD5FD00454CF5 /* HomeView.swift */,
				60BC55852CFD6B6C00454CF5 /* OnBoardingView.swift */,
				607CCFC42D04EE7000C01E57 /* RecipeDetails.swift */,
				6068DE6D2D192FD1006F18D7 /* SaveExternalSource */,
			);
			path = "The Ultimate Recipe Hub";
			sourceTree = "<group>";
		};
		60A018AC2CF6481700F4A823 /* Preview Content */ = {
			isa = PBXGroup;
			children = (
				60A018AD2CF6481700F4A823 /* Preview Assets.xcassets */,
			);
			path = "Preview Content";
			sourceTree = "<group>";
		};
		60B914A52CF8B53500DEE040 /* Components */ = {
			isa = PBXGroup;
			children = (
				604FB9172CF76E9C001F0657 /* RoundedButton.swift */,
				60B914A62CF8B55600DEE040 /* MultipleSelectionRichButton.swift */,
				60B914A82CF8B5B600DEE040 /* SingleSelectionRichButton.swift */,
				60B914AA2CF8B71A00DEE040 /* MultiTitledHeader.swift */,
				60B914AE2CF8B99700DEE040 /* MultipleSelectionRichButtonRed.swift */,
				608EFFA12D00545A00CB9457 /* RichButton.swift */,
			);
			path = Components;
			sourceTree = "<group>";
		};
		60BC557E2CFBB99F00454CF5 /* Core */ = {
			isa = PBXGroup;
			children = (
				60BC557F2CFBB9B100454CF5 /* Enums.swift */,
				60BC55812CFBB9C200454CF5 /* User.swift */,
			);
			path = Core;
			sourceTree = "<group>";
		};
/* End PBXGroup section */

/* Begin PBXNativeTarget section */
		60A018A22CF6481500F4A823 /* The Ultimate Recipe Hub */ = {
			isa = PBXNativeTarget;
			buildConfigurationList = 60A018C72CF6481700F4A823 /* Build configuration list for PBXNativeTarget "The Ultimate Recipe Hub" */;
			buildPhases = (
				60A0189F2CF6481500F4A823 /* Sources */,
				60A018A02CF6481500F4A823 /* Frameworks */,
				60A018A12CF6481500F4A823 /* Resources */,
			);
			buildRules = (
			);
			dependencies = (
			);
			fileSystemSynchronizedGroups = (
				6002410B2D31B39B009F5021 /* Pages */,
				6044B66E2D2312AB004BA6FB /* MealPlan */,
				6044B6872D315DD5004BA6FB /* Resources */,
				6044B6942D316108004BA6FB /* Logic */,
			);
			name = "The Ultimate Recipe Hub";
			packageProductDependencies = (
				601B186B2D0C2DD600719937 /* SwiftSoup */,
				6044B66C2D2007C2004BA6FB /* Kingfisher */,
			);
			productName = "The Ultimate Recipe Hub";
			productReference = 60A018A32CF6481500F4A823 /* The Ultimate Recipe Hub.app */;
			productType = "com.apple.product-type.application";
		};
/* End PBXNativeTarget section */

/* Begin PBXProject section */
		60A0189B2CF6481500F4A823 /* Project object */ = {
			isa = PBXProject;
			attributes = {
				BuildIndependentTargetsInParallel = 1;
				LastSwiftUpdateCheck = 1540;
				LastUpgradeCheck = 1540;
				TargetAttributes = {
					60A018A22CF6481500F4A823 = {
						CreatedOnToolsVersion = 15.4;
					};
				};
			};
			buildConfigurationList = 60A0189E2CF6481500F4A823 /* Build configuration list for PBXProject "The Ultimate Recipe Hub" */;
			compatibilityVersion = "Xcode 14.0";
			developmentRegion = en;
			hasScannedForEncodings = 0;
			knownRegions = (
				en,
				Base,
			);
			mainGroup = 60A0189A2CF6481500F4A823;
			packageReferences = (
				601B186A2D0C2DD500719937 /* XCRemoteSwiftPackageReference "SwiftSoup" */,
				6044B66B2D2007C2004BA6FB /* XCRemoteSwiftPackageReference "Kingfisher" */,
			);
			productRefGroup = 60A018A42CF6481500F4A823 /* Products */;
			projectDirPath = "";
			projectRoot = "";
			targets = (
				60A018A22CF6481500F4A823 /* The Ultimate Recipe Hub */,
			);
		};
/* End PBXProject section */

/* Begin PBXResourcesBuildPhase section */
		60A018A12CF6481500F4A823 /* Resources */ = {
			isa = PBXResourcesBuildPhase;
			buildActionMask = 2147483647;
			files = (
				60A018AE2CF6481700F4A823 /* Preview Assets.xcassets in Resources */,
				60A018AB2CF6481700F4A823 /* Assets.xcassets in Resources */,
			);
			runOnlyForDeploymentPostprocessing = 0;
		};
/* End PBXResourcesBuildPhase section */

/* Begin PBXSourcesBuildPhase section */
		60A0189F2CF6481500F4A823 /* Sources */ = {
			isa = PBXSourcesBuildPhase;
			buildActionMask = 2147483647;
			files = (
				60B914AB2CF8B71A00DEE040 /* MultiTitledHeader.swift in Sources */,
				6068DE6F2D1935DA006F18D7 /* ExternalSource.swift in Sources */,
				6044B66A2D20007D004BA6FB /* ImageCache.swift in Sources */,
				60A018A92CF6481500F4A823 /* MainView.swift in Sources */,
				60B914A42CF8B43F00DEE040 /* OnboardingPreferencesPage.swift in Sources */,
				60CC42C12D1CE4E7006E013E /* SavedRestaurantView.swift in Sources */,
				60A018A72CF6481500F4A823 /* UltimateRecipeHub.swift in Sources */,
				60BC55802CFBB9B100454CF5 /* Enums.swift in Sources */,
				604FB9162CF76679001F0657 /* SegmentedProgressBar.swift in Sources */,
				60B914AD2CF8B7FD00DEE040 /* OnboardingSensitivityPage.swift in Sources */,
				60B914A92CF8B5B600DEE040 /* SingleSelectionRichButton.swift in Sources */,
				608EFFA22D00545A00CB9457 /* RichButton.swift in Sources */,
				60BC55822CFBB9C200454CF5 /* User.swift in Sources */,
				601B186E2D0C2DEC00719937 /* RecipeSaver.swift in Sources */,
				6068DE732D193A5B006F18D7 /* WebView.swift in Sources */,
				60CC42C32D1CE6FA006E013E /* SaveExternalSourceCardView.swift in Sources */,
				60BC55862CFD6B6D00454CF5 /* OnBoardingView.swift in Sources */,
				607CCFC52D04EE7000C01E57 /* RecipeDetails.swift in Sources */,
				60B914A22CF8B41800DEE040 /* OnboardingGoalPage.swift in Sources */,
				6068DE6B2D192E80006F18D7 /* ExternalSourceManager.swift in Sources */,
				6068DE712D1935F6006F18D7 /* SearchTextField.swift in Sources */,
				60BC55882CFD7B9600454CF5 /* RecipeCard.swift in Sources */,
				60B914AF2CF8B99700DEE040 /* MultipleSelectionRichButtonRed.swift in Sources */,
				60B914A72CF8B55600DEE040 /* MultipleSelectionRichButton.swift in Sources */,
				604FB9182CF76E9C001F0657 /* RoundedButton.swift in Sources */,
				60B914A02CF8B38400DEE040 /* OnboardingCookingSkillPage.swift in Sources */,
				604FB91A2CF77341001F0657 /* OnboardingPage.swift in Sources */,
				6068DE692D192C39006F18D7 /* SavedSourceCard.swift in Sources */,
				6068DE672D1925B7006F18D7 /* SavedRecipesView.swift in Sources */,
				60BC55842CFBD5FD00454CF5 /* HomeView.swift in Sources */,
			);
			runOnlyForDeploymentPostprocessing = 0;
		};
/* End PBXSourcesBuildPhase section */

/* Begin XCBuildConfiguration section */
		60A018C52CF6481700F4A823 /* Debug */ = {
			isa = XCBuildConfiguration;
			buildSettings = {
				ALWAYS_SEARCH_USER_PATHS = NO;
				ASSETCATALOG_COMPILER_GENERATE_SWIFT_ASSET_SYMBOL_EXTENSIONS = YES;
				CLANG_ANALYZER_NONNULL = YES;
				CLANG_ANALYZER_NUMBER_OBJECT_CONVERSION = YES_AGGRESSIVE;
				CLANG_CXX_LANGUAGE_STANDARD = "gnu++20";
				CLANG_ENABLE_MODULES = YES;
				CLANG_ENABLE_OBJC_ARC = YES;
				CLANG_ENABLE_OBJC_WEAK = YES;
				CLANG_WARN_BLOCK_CAPTURE_AUTORELEASING = YES;
				CLANG_WARN_BOOL_CONVERSION = YES;
				CLANG_WARN_COMMA = YES;
				CLANG_WARN_CONSTANT_CONVERSION = YES;
				CLANG_WARN_DEPRECATED_OBJC_IMPLEMENTATIONS = YES;
				CLANG_WARN_DIRECT_OBJC_ISA_USAGE = YES_ERROR;
				CLANG_WARN_DOCUMENTATION_COMMENTS = YES;
				CLANG_WARN_EMPTY_BODY = YES;
				CLANG_WARN_ENUM_CONVERSION = YES;
				CLANG_WARN_INFINITE_RECURSION = YES;
				CLANG_WARN_INT_CONVERSION = YES;
				CLANG_WARN_NON_LITERAL_NULL_CONVERSION = YES;
				CLANG_WARN_OBJC_IMPLICIT_RETAIN_SELF = YES;
				CLANG_WARN_OBJC_LITERAL_CONVERSION = YES;
				CLANG_WARN_OBJC_ROOT_CLASS = YES_ERROR;
				CLANG_WARN_QUOTED_INCLUDE_IN_FRAMEWORK_HEADER = YES;
				CLANG_WARN_RANGE_LOOP_ANALYSIS = YES;
				CLANG_WARN_STRICT_PROTOTYPES = YES;
				CLANG_WARN_SUSPICIOUS_MOVE = YES;
				CLANG_WARN_UNGUARDED_AVAILABILITY = YES_AGGRESSIVE;
				CLANG_WARN_UNREACHABLE_CODE = YES;
				CLANG_WARN__DUPLICATE_METHOD_MATCH = YES;
				COPY_PHASE_STRIP = NO;
				DEBUG_INFORMATION_FORMAT = dwarf;
				ENABLE_STRICT_OBJC_MSGSEND = YES;
				ENABLE_TESTABILITY = YES;
				ENABLE_USER_SCRIPT_SANDBOXING = YES;
				GCC_C_LANGUAGE_STANDARD = gnu17;
				GCC_DYNAMIC_NO_PIC = NO;
				GCC_NO_COMMON_BLOCKS = YES;
				GCC_OPTIMIZATION_LEVEL = 0;
				GCC_PREPROCESSOR_DEFINITIONS = (
					"DEBUG=1",
					"$(inherited)",
				);
				GCC_WARN_64_TO_32_BIT_CONVERSION = YES;
				GCC_WARN_ABOUT_RETURN_TYPE = YES_ERROR;
				GCC_WARN_UNDECLARED_SELECTOR = YES;
				GCC_WARN_UNINITIALIZED_AUTOS = YES_AGGRESSIVE;
				GCC_WARN_UNUSED_FUNCTION = YES;
				GCC_WARN_UNUSED_VARIABLE = YES;
				IPHONEOS_DEPLOYMENT_TARGET = 17.5;
				LOCALIZATION_PREFERS_STRING_CATALOGS = YES;
				MTL_ENABLE_DEBUG_INFO = INCLUDE_SOURCE;
				MTL_FAST_MATH = YES;
				ONLY_ACTIVE_ARCH = YES;
				SDKROOT = iphoneos;
				SWIFT_ACTIVE_COMPILATION_CONDITIONS = "DEBUG $(inherited)";
				SWIFT_OPTIMIZATION_LEVEL = "-Onone";
			};
			name = Debug;
		};
		60A018C62CF6481700F4A823 /* Release */ = {
			isa = XCBuildConfiguration;
			buildSettings = {
				ALWAYS_SEARCH_USER_PATHS = NO;
				ASSETCATALOG_COMPILER_GENERATE_SWIFT_ASSET_SYMBOL_EXTENSIONS = YES;
				CLANG_ANALYZER_NONNULL = YES;
				CLANG_ANALYZER_NUMBER_OBJECT_CONVERSION = YES_AGGRESSIVE;
				CLANG_CXX_LANGUAGE_STANDARD = "gnu++20";
				CLANG_ENABLE_MODULES = YES;
				CLANG_ENABLE_OBJC_ARC = YES;
				CLANG_ENABLE_OBJC_WEAK = YES;
				CLANG_WARN_BLOCK_CAPTURE_AUTORELEASING = YES;
				CLANG_WARN_BOOL_CONVERSION = YES;
				CLANG_WARN_COMMA = YES;
				CLANG_WARN_CONSTANT_CONVERSION = YES;
				CLANG_WARN_DEPRECATED_OBJC_IMPLEMENTATIONS = YES;
				CLANG_WARN_DIRECT_OBJC_ISA_USAGE = YES_ERROR;
				CLANG_WARN_DOCUMENTATION_COMMENTS = YES;
				CLANG_WARN_EMPTY_BODY = YES;
				CLANG_WARN_ENUM_CONVERSION = YES;
				CLANG_WARN_INFINITE_RECURSION = YES;
				CLANG_WARN_INT_CONVERSION = YES;
				CLANG_WARN_NON_LITERAL_NULL_CONVERSION = YES;
				CLANG_WARN_OBJC_IMPLICIT_RETAIN_SELF = YES;
				CLANG_WARN_OBJC_LITERAL_CONVERSION = YES;
				CLANG_WARN_OBJC_ROOT_CLASS = YES_ERROR;
				CLANG_WARN_QUOTED_INCLUDE_IN_FRAMEWORK_HEADER = YES;
				CLANG_WARN_RANGE_LOOP_ANALYSIS = YES;
				CLANG_WARN_STRICT_PROTOTYPES = YES;
				CLANG_WARN_SUSPICIOUS_MOVE = YES;
				CLANG_WARN_UNGUARDED_AVAILABILITY = YES_AGGRESSIVE;
				CLANG_WARN_UNREACHABLE_CODE = YES;
				CLANG_WARN__DUPLICATE_METHOD_MATCH = YES;
				COPY_PHASE_STRIP = NO;
				DEBUG_INFORMATION_FORMAT = "dwarf-with-dsym";
				ENABLE_NS_ASSERTIONS = NO;
				ENABLE_STRICT_OBJC_MSGSEND = YES;
				ENABLE_USER_SCRIPT_SANDBOXING = YES;
				GCC_C_LANGUAGE_STANDARD = gnu17;
				GCC_NO_COMMON_BLOCKS = YES;
				GCC_WARN_64_TO_32_BIT_CONVERSION = YES;
				GCC_WARN_ABOUT_RETURN_TYPE = YES_ERROR;
				GCC_WARN_UNDECLARED_SELECTOR = YES;
				GCC_WARN_UNINITIALIZED_AUTOS = YES_AGGRESSIVE;
				GCC_WARN_UNUSED_FUNCTION = YES;
				GCC_WARN_UNUSED_VARIABLE = YES;
				IPHONEOS_DEPLOYMENT_TARGET = 17.5;
				LOCALIZATION_PREFERS_STRING_CATALOGS = YES;
				MTL_ENABLE_DEBUG_INFO = NO;
				MTL_FAST_MATH = YES;
				SDKROOT = iphoneos;
				SWIFT_COMPILATION_MODE = wholemodule;
				VALIDATE_PRODUCT = YES;
			};
			name = Release;
		};
		60A018C82CF6481700F4A823 /* Debug */ = {
			isa = XCBuildConfiguration;
			buildSettings = {
				ASSETCATALOG_COMPILER_APPICON_NAME = AppIcon;
				ASSETCATALOG_COMPILER_GLOBAL_ACCENT_COLOR_NAME = AccentColor;
				ASSETCATALOG_COMPILER_INCLUDE_ALL_APPICON_ASSETS = NO;
				CODE_SIGN_STYLE = Automatic;
				CURRENT_PROJECT_VERSION = 2;
				DEVELOPMENT_ASSET_PATHS = "\"The Ultimate Recipe Hub/Preview Content\"";
				DEVELOPMENT_TEAM = B8K68B272P;
				ENABLE_PREVIEWS = YES;
				GENERATE_INFOPLIST_FILE = YES;
				INFOPLIST_KEY_CFBundleDisplayName = "Recipe Hub: Meal Planner Pro\n\n\n\n\n\nRecipe Hub: Meal Planner Pro\n\n\n\n\n\n\nRecipe Hub: Meal Planner Pro";
				INFOPLIST_KEY_LSApplicationCategoryType = "public.app-category.food-and-drink";
				INFOPLIST_KEY_UIApplicationSceneManifest_Generation = YES;
				INFOPLIST_KEY_UIApplicationSupportsIndirectInputEvents = YES;
				INFOPLIST_KEY_UILaunchScreen_Generation = YES;
				INFOPLIST_KEY_UISupportedInterfaceOrientations_iPad = "UIInterfaceOrientationPortrait UIInterfaceOrientationPortraitUpsideDown UIInterfaceOrientationLandscapeLeft UIInterfaceOrientationLandscapeRight";
				INFOPLIST_KEY_UISupportedInterfaceOrientations_iPhone = "UIInterfaceOrientationPortrait UIInterfaceOrientationLandscapeLeft UIInterfaceOrientationLandscapeRight";
				LD_RUNPATH_SEARCH_PATHS = (
					"$(inherited)",
					"@executable_path/Frameworks",
				);
				MARKETING_VERSION = 1.0;
				PRODUCT_BUNDLE_IDENTIFIER = "com.ultimate-recipe-hub";
				PRODUCT_NAME = "$(TARGET_NAME)";
				SWIFT_EMIT_LOC_STRINGS = YES;
				SWIFT_VERSION = 5.0;
				TARGETED_DEVICE_FAMILY = "1,2";
			};
			name = Debug;
		};
		60A018C92CF6481700F4A823 /* Release */ = {
			isa = XCBuildConfiguration;
			buildSettings = {
				ASSETCATALOG_COMPILER_APPICON_NAME = AppIcon;
				ASSETCATALOG_COMPILER_GLOBAL_ACCENT_COLOR_NAME = AccentColor;
				ASSETCATALOG_COMPILER_INCLUDE_ALL_APPICON_ASSETS = NO;
				CODE_SIGN_STYLE = Automatic;
				CURRENT_PROJECT_VERSION = 2;
				DEVELOPMENT_ASSET_PATHS = "\"The Ultimate Recipe Hub/Preview Content\"";
				DEVELOPMENT_TEAM = B8K68B272P;
				ENABLE_PREVIEWS = YES;
				GENERATE_INFOPLIST_FILE = YES;
				INFOPLIST_KEY_CFBundleDisplayName = "Recipe Hub: Meal Planner Pro\n\n\n\n\n\nRecipe Hub: Meal Planner Pro\n\n\n\n\n\n\nRecipe Hub: Meal Planner Pro";
				INFOPLIST_KEY_LSApplicationCategoryType = "public.app-category.food-and-drink";
				INFOPLIST_KEY_UIApplicationSceneManifest_Generation = YES;
				INFOPLIST_KEY_UIApplicationSupportsIndirectInputEvents = YES;
				INFOPLIST_KEY_UILaunchScreen_Generation = YES;
				INFOPLIST_KEY_UISupportedInterfaceOrientations_iPad = "UIInterfaceOrientationPortrait UIInterfaceOrientationPortraitUpsideDown UIInterfaceOrientationLandscapeLeft UIInterfaceOrientationLandscapeRight";
				INFOPLIST_KEY_UISupportedInterfaceOrientations_iPhone = "UIInterfaceOrientationPortrait UIInterfaceOrientationLandscapeLeft UIInterfaceOrientationLandscapeRight";
				LD_RUNPATH_SEARCH_PATHS = (
					"$(inherited)",
					"@executable_path/Frameworks",
				);
				MARKETING_VERSION = 1.0;
				PRODUCT_BUNDLE_IDENTIFIER = "com.ultimate-recipe-hub";
				PRODUCT_NAME = "$(TARGET_NAME)";
				SWIFT_EMIT_LOC_STRINGS = YES;
				SWIFT_VERSION = 5.0;
				TARGETED_DEVICE_FAMILY = "1,2";
			};
			name = Release;
		};
/* End XCBuildConfiguration section */

/* Begin XCConfigurationList section */
		60A0189E2CF6481500F4A823 /* Build configuration list for PBXProject "The Ultimate Recipe Hub" */ = {
			isa = XCConfigurationList;
			buildConfigurations = (
				60A018C52CF6481700F4A823 /* Debug */,
				60A018C62CF6481700F4A823 /* Release */,
			);
			defaultConfigurationIsVisible = 0;
			defaultConfigurationName = Release;
		};
		60A018C72CF6481700F4A823 /* Build configuration list for PBXNativeTarget "The Ultimate Recipe Hub" */ = {
			isa = XCConfigurationList;
			buildConfigurations = (
				60A018C82CF6481700F4A823 /* Debug */,
				60A018C92CF6481700F4A823 /* Release */,
			);
			defaultConfigurationIsVisible = 0;
			defaultConfigurationName = Release;
		};
/* End XCConfigurationList section */

/* Begin XCRemoteSwiftPackageReference section */
		601B186A2D0C2DD500719937 /* XCRemoteSwiftPackageReference "SwiftSoup" */ = {
			isa = XCRemoteSwiftPackageReference;
			repositoryURL = "https://github.com/scinfu/SwiftSoup";
			requirement = {
				kind = upToNextMajorVersion;
				minimumVersion = 2.7.6;
			};
		};
		6044B66B2D2007C2004BA6FB /* XCRemoteSwiftPackageReference "Kingfisher" */ = {
			isa = XCRemoteSwiftPackageReference;
			repositoryURL = "https://github.com/onevcat/Kingfisher";
			requirement = {
				kind = upToNextMajorVersion;
				minimumVersion = 8.1.3;
			};
		};
/* End XCRemoteSwiftPackageReference section */

/* Begin XCSwiftPackageProductDependency section */
		601B186B2D0C2DD600719937 /* SwiftSoup */ = {
			isa = XCSwiftPackageProductDependency;
			package = 601B186A2D0C2DD500719937 /* XCRemoteSwiftPackageReference "SwiftSoup" */;
			productName = SwiftSoup;
		};
		6044B66C2D2007C2004BA6FB /* Kingfisher */ = {
			isa = XCSwiftPackageProductDependency;
			package = 6044B66B2D2007C2004BA6FB /* XCRemoteSwiftPackageReference "Kingfisher" */;
			productName = Kingfisher;
		};
/* End XCSwiftPackageProductDependency section */
	};
	rootObject = 60A0189B2CF6481500F4A823 /* Project object */;
}
