// !$*UTF8*$!
{
	archiveVersion = 1;
	classes = {
	};
	objectVersion = 56;
	objects = {

/* Begin PBXBuildFile section */
		60A018A72CF6481500F4A823 /* The_Ultimate_Recipe_HubApp.swift in Sources */ = {isa = PBXBuildFile; fileRef = 60A018A62CF6481500F4A823 /* The_Ultimate_Recipe_HubApp.swift */; };
		60A018A92CF6481500F4A823 /* ContentView.swift in Sources */ = {isa = PBXBuildFile; fileRef = 60A018A82CF6481500F4A823 /* ContentView.swift */; };
		60A018AB2CF6481700F4A823 /* Assets.xcassets in Resources */ = {isa = PBXBuildFile; fileRef = 60A018AA2CF6481700F4A823 /* Assets.xcassets */; };
		60A018AE2CF6481700F4A823 /* Preview Assets.xcassets in Resources */ = {isa = PBXBuildFile; fileRef = 60A018AD2CF6481700F4A823 /* Preview Assets.xcassets */; };
		60A018B82CF6481700F4A823 /* The_Ultimate_Recipe_HubTests.swift in Sources */ = {isa = PBXBuildFile; fileRef = 60A018B72CF6481700F4A823 /* The_Ultimate_Recipe_HubTests.swift */; };
		60A018C22CF6481700F4A823 /* The_Ultimate_Recipe_HubUITests.swift in Sources */ = {isa = PBXBuildFile; fileRef = 60A018C12CF6481700F4A823 /* The_Ultimate_Recipe_HubUITests.swift */; };
		60A018C42CF6481700F4A823 /* The_Ultimate_Recipe_HubUITestsLaunchTests.swift in Sources */ = {isa = PBXBuildFile; fileRef = 60A018C32CF6481700F4A823 /* The_Ultimate_Recipe_HubUITestsLaunchTests.swift */; };
/* End PBXBuildFile section */

/* Begin PBXContainerItemProxy section */
		60A018B42CF6481700F4A823 /* PBXContainerItemProxy */ = {
			isa = PBXContainerItemProxy;
			containerPortal = 60A0189B2CF6481500F4A823 /* Project object */;
			proxyType = 1;
			remoteGlobalIDString = 60A018A22CF6481500F4A823;
			remoteInfo = "The Ultimate Recipe Hub";
		};
		60A018BE2CF6481700F4A823 /* PBXContainerItemProxy */ = {
			isa = PBXContainerItemProxy;
			containerPortal = 60A0189B2CF6481500F4A823 /* Project object */;
			proxyType = 1;
			remoteGlobalIDString = 60A018A22CF6481500F4A823;
			remoteInfo = "The Ultimate Recipe Hub";
		};
/* End PBXContainerItemProxy section */

/* Begin PBXFileReference section */
		60A018A32CF6481500F4A823 /* The Ultimate Recipe Hub.app */ = {isa = PBXFileReference; explicitFileType = wrapper.application; includeInIndex = 0; path = "The Ultimate Recipe Hub.app"; sourceTree = BUILT_PRODUCTS_DIR; };
		60A018A62CF6481500F4A823 /* The_Ultimate_Recipe_HubApp.swift */ = {isa = PBXFileReference; lastKnownFileType = sourcecode.swift; path = The_Ultimate_Recipe_HubApp.swift; sourceTree = "<group>"; };
		60A018A82CF6481500F4A823 /* ContentView.swift */ = {isa = PBXFileReference; lastKnownFileType = sourcecode.swift; path = ContentView.swift; sourceTree = "<group>"; };
		60A018AA2CF6481700F4A823 /* Assets.xcassets */ = {isa = PBXFileReference; lastKnownFileType = folder.assetcatalog; path = Assets.xcassets; sourceTree = "<group>"; };
		60A018AD2CF6481700F4A823 /* Preview Assets.xcassets */ = {isa = PBXFileReference; lastKnownFileType = folder.assetcatalog; path = "Preview Assets.xcassets"; sourceTree = "<group>"; };
		60A018B32CF6481700F4A823 /* The Ultimate Recipe HubTests.xctest */ = {isa = PBXFileReference; explicitFileType = wrapper.cfbundle; includeInIndex = 0; path = "The Ultimate Recipe HubTests.xctest"; sourceTree = BUILT_PRODUCTS_DIR; };
		60A018B72CF6481700F4A823 /* The_Ultimate_Recipe_HubTests.swift */ = {isa = PBXFileReference; lastKnownFileType = sourcecode.swift; path = The_Ultimate_Recipe_HubTests.swift; sourceTree = "<group>"; };
		60A018BD2CF6481700F4A823 /* The Ultimate Recipe HubUITests.xctest */ = {isa = PBXFileReference; explicitFileType = wrapper.cfbundle; includeInIndex = 0; path = "The Ultimate Recipe HubUITests.xctest"; sourceTree = BUILT_PRODUCTS_DIR; };
		60A018C12CF6481700F4A823 /* The_Ultimate_Recipe_HubUITests.swift */ = {isa = PBXFileReference; lastKnownFileType = sourcecode.swift; path = The_Ultimate_Recipe_HubUITests.swift; sourceTree = "<group>"; };
		60A018C32CF6481700F4A823 /* The_Ultimate_Recipe_HubUITestsLaunchTests.swift */ = {isa = PBXFileReference; lastKnownFileType = sourcecode.swift; path = The_Ultimate_Recipe_HubUITestsLaunchTests.swift; sourceTree = "<group>"; };
/* End PBXFileReference section */

/* Begin PBXFrameworksBuildPhase section */
		60A018A02CF6481500F4A823 /* Frameworks */ = {
			isa = PBXFrameworksBuildPhase;
			buildActionMask = 2147483647;
			files = (
			);
			runOnlyForDeploymentPostprocessing = 0;
		};
		60A018B02CF6481700F4A823 /* Frameworks */ = {
			isa = PBXFrameworksBuildPhase;
			buildActionMask = 2147483647;
			files = (
			);
			runOnlyForDeploymentPostprocessing = 0;
		};
		60A018BA2CF6481700F4A823 /* Frameworks */ = {
			isa = PBXFrameworksBuildPhase;
			buildActionMask = 2147483647;
			files = (
			);
			runOnlyForDeploymentPostprocessing = 0;
		};
/* End PBXFrameworksBuildPhase section */

/* Begin PBXGroup section */
		60A0189A2CF6481500F4A823 = {
			isa = PBXGroup;
			children = (
				60A018A52CF6481500F4A823 /* The Ultimate Recipe Hub */,
				60A018B62CF6481700F4A823 /* The Ultimate Recipe HubTests */,
				60A018C02CF6481700F4A823 /* The Ultimate Recipe HubUITests */,
				60A018A42CF6481500F4A823 /* Products */,
			);
			sourceTree = "<group>";
		};
		60A018A42CF6481500F4A823 /* Products */ = {
			isa = PBXGroup;
			children = (
				60A018A32CF6481500F4A823 /* The Ultimate Recipe Hub.app */,
				60A018B32CF6481700F4A823 /* The Ultimate Recipe HubTests.xctest */,
				60A018BD2CF6481700F4A823 /* The Ultimate Recipe HubUITests.xctest */,
			);
			name = Products;
			sourceTree = "<group>";
		};
		60A018A52CF6481500F4A823 /* The Ultimate Recipe Hub */ = {
			isa = PBXGroup;
			children = (
				60A018A62CF6481500F4A823 /* The_Ultimate_Recipe_HubApp.swift */,
				60A018A82CF6481500F4A823 /* ContentView.swift */,
				60A018AA2CF6481700F4A823 /* Assets.xcassets */,
				60A018AC2CF6481700F4A823 /* Preview Content */,
			);
			path = "The Ultimate Recipe Hub";
			sourceTree = "<group>";
		};
		60A018AC2CF6481700F4A823 /* Preview Content */ = {
			isa = PBXGroup;
			children = (
				60A018AD2CF6481700F4A823 /* Preview Assets.xcassets */,
			);
			path = "Preview Content";
			sourceTree = "<group>";
		};
		60A018B62CF6481700F4A823 /* The Ultimate Recipe HubTests */ = {
			isa = PBXGroup;
			children = (
				60A018B72CF6481700F4A823 /* The_Ultimate_Recipe_HubTests.swift */,
			);
			path = "The Ultimate Recipe HubTests";
			sourceTree = "<group>";
		};
		60A018C02CF6481700F4A823 /* The Ultimate Recipe HubUITests */ = {
			isa = PBXGroup;
			children = (
				60A018C12CF6481700F4A823 /* The_Ultimate_Recipe_HubUITests.swift */,
				60A018C32CF6481700F4A823 /* The_Ultimate_Recipe_HubUITestsLaunchTests.swift */,
			);
			path = "The Ultimate Recipe HubUITests";
			sourceTree = "<group>";
		};
/* End PBXGroup section */

/* Begin PBXNativeTarget section */
		60A018A22CF6481500F4A823 /* The Ultimate Recipe Hub */ = {
			isa = PBXNativeTarget;
			buildConfigurationList = 60A018C72CF6481700F4A823 /* Build configuration list for PBXNativeTarget "The Ultimate Recipe Hub" */;
			buildPhases = (
				60A0189F2CF6481500F4A823 /* Sources */,
				60A018A02CF6481500F4A823 /* Frameworks */,
				60A018A12CF6481500F4A823 /* Resources */,
			);
			buildRules = (
			);
			dependencies = (
			);
			name = "The Ultimate Recipe Hub";
			productName = "The Ultimate Recipe Hub";
			productReference = 60A018A32CF6481500F4A823 /* The Ultimate Recipe Hub.app */;
			productType = "com.apple.product-type.application";
		};
		60A018B22CF6481700F4A823 /* The Ultimate Recipe HubTests */ = {
			isa = PBXNativeTarget;
			buildConfigurationList = 60A018CA2CF6481700F4A823 /* Build configuration list for PBXNativeTarget "The Ultimate Recipe HubTests" */;
			buildPhases = (
				60A018AF2CF6481700F4A823 /* Sources */,
				60A018B02CF6481700F4A823 /* Frameworks */,
				60A018B12CF6481700F4A823 /* Resources */,
			);
			buildRules = (
			);
			dependencies = (
				60A018B52CF6481700F4A823 /* PBXTargetDependency */,
			);
			name = "The Ultimate Recipe HubTests";
			productName = "The Ultimate Recipe HubTests";
			productReference = 60A018B32CF6481700F4A823 /* The Ultimate Recipe HubTests.xctest */;
			productType = "com.apple.product-type.bundle.unit-test";
		};
		60A018BC2CF6481700F4A823 /* The Ultimate Recipe HubUITests */ = {
			isa = PBXNativeTarget;
			buildConfigurationList = 60A018CD2CF6481700F4A823 /* Build configuration list for PBXNativeTarget "The Ultimate Recipe HubUITests" */;
			buildPhases = (
				60A018B92CF6481700F4A823 /* Sources */,
				60A018BA2CF6481700F4A823 /* Frameworks */,
				60A018BB2CF6481700F4A823 /* Resources */,
			);
			buildRules = (
			);
			dependencies = (
				60A018BF2CF6481700F4A823 /* PBXTargetDependency */,
			);
			name = "The Ultimate Recipe HubUITests";
			productName = "The Ultimate Recipe HubUITests";
			productReference = 60A018BD2CF6481700F4A823 /* The Ultimate Recipe HubUITests.xctest */;
			productType = "com.apple.product-type.bundle.ui-testing";
		};
/* End PBXNativeTarget section */

/* Begin PBXProject section */
		60A0189B2CF6481500F4A823 /* Project object */ = {
			isa = PBXProject;
			attributes = {
				BuildIndependentTargetsInParallel = 1;
				LastSwiftUpdateCheck = 1540;
				LastUpgradeCheck = 1540;
				TargetAttributes = {
					60A018A22CF6481500F4A823 = {
						CreatedOnToolsVersion = 15.4;
					};
					60A018B22CF6481700F4A823 = {
						CreatedOnToolsVersion = 15.4;
						TestTargetID = 60A018A22CF6481500F4A823;
					};
					60A018BC2CF6481700F4A823 = {
						CreatedOnToolsVersion = 15.4;
						TestTargetID = 60A018A22CF6481500F4A823;
					};
				};
			};
			buildConfigurationList = 60A0189E2CF6481500F4A823 /* Build configuration list for PBXProject "The Ultimate Recipe Hub" */;
			compatibilityVersion = "Xcode 14.0";
			developmentRegion = en;
			hasScannedForEncodings = 0;
			knownRegions = (
				en,
				Base,
			);
			mainGroup = 60A0189A2CF6481500F4A823;
			productRefGroup = 60A018A42CF6481500F4A823 /* Products */;
			projectDirPath = "";
			projectRoot = "";
			targets = (
				60A018A22CF6481500F4A823 /* The Ultimate Recipe Hub */,
				60A018B22CF6481700F4A823 /* The Ultimate Recipe HubTests */,
				60A018BC2CF6481700F4A823 /* The Ultimate Recipe HubUITests */,
			);
		};
/* End PBXProject section */

/* Begin PBXResourcesBuildPhase section */
		60A018A12CF6481500F4A823 /* Resources */ = {
			isa = PBXResourcesBuildPhase;
			buildActionMask = 2147483647;
			files = (
				60A018AE2CF6481700F4A823 /* Preview Assets.xcassets in Resources */,
				60A018AB2CF6481700F4A823 /* Assets.xcassets in Resources */,
			);
			runOnlyForDeploymentPostprocessing = 0;
		};
		60A018B12CF6481700F4A823 /* Resources */ = {
			isa = PBXResourcesBuildPhase;
			buildActionMask = 2147483647;
			files = (
			);
			runOnlyForDeploymentPostprocessing = 0;
		};
		60A018BB2CF6481700F4A823 /* Resources */ = {
			isa = PBXResourcesBuildPhase;
			buildActionMask = 2147483647;
			files = (
			);
			runOnlyForDeploymentPostprocessing = 0;
		};
/* End PBXResourcesBuildPhase section */

/* Begin PBXSourcesBuildPhase section */
		60A0189F2CF6481500F4A823 /* Sources */ = {
			isa = PBXSourcesBuildPhase;
			buildActionMask = 2147483647;
			files = (
				60A018A92CF6481500F4A823 /* ContentView.swift in Sources */,
				60A018A72CF6481500F4A823 /* The_Ultimate_Recipe_HubApp.swift in Sources */,
			);
			runOnlyForDeploymentPostprocessing = 0;
		};
		60A018AF2CF6481700F4A823 /* Sources */ = {
			isa = PBXSourcesBuildPhase;
			buildActionMask = 2147483647;
			files = (
				60A018B82CF6481700F4A823 /* The_Ultimate_Recipe_HubTests.swift in Sources */,
			);
			runOnlyForDeploymentPostprocessing = 0;
		};
		60A018B92CF6481700F4A823 /* Sources */ = {
			isa = PBXSourcesBuildPhase;
			buildActionMask = 2147483647;
			files = (
				60A018C22CF6481700F4A823 /* The_Ultimate_Recipe_HubUITests.swift in Sources */,
				60A018C42CF6481700F4A823 /* The_Ultimate_Recipe_HubUITestsLaunchTests.swift in Sources */,
			);
			runOnlyForDeploymentPostprocessing = 0;
		};
/* End PBXSourcesBuildPhase section */

/* Begin PBXTargetDependency section */
		60A018B52CF6481700F4A823 /* PBXTargetDependency */ = {
			isa = PBXTargetDependency;
			target = 60A018A22CF6481500F4A823 /* The Ultimate Recipe Hub */;
			targetProxy = 60A018B42CF6481700F4A823 /* PBXContainerItemProxy */;
		};
		60A018BF2CF6481700F4A823 /* PBXTargetDependency */ = {
			isa = PBXTargetDependency;
			target = 60A018A22CF6481500F4A823 /* The Ultimate Recipe Hub */;
			targetProxy = 60A018BE2CF6481700F4A823 /* PBXContainerItemProxy */;
		};
/* End PBXTargetDependency section */

/* Begin XCBuildConfiguration section */
		60A018C52CF6481700F4A823 /* Debug */ = {
			isa = XCBuildConfiguration;
			buildSettings = {
				ALWAYS_SEARCH_USER_PATHS = NO;
				ASSETCATALOG_COMPILER_GENERATE_SWIFT_ASSET_SYMBOL_EXTENSIONS = YES;
				CLANG_ANALYZER_NONNULL = YES;
				CLANG_ANALYZER_NUMBER_OBJECT_CONVERSION = YES_AGGRESSIVE;
				CLANG_CXX_LANGUAGE_STANDARD = "gnu++20";
				CLANG_ENABLE_MODULES = YES;
				CLANG_ENABLE_OBJC_ARC = YES;
				CLANG_ENABLE_OBJC_WEAK = YES;
				CLANG_WARN_BLOCK_CAPTURE_AUTORELEASING = YES;
				CLANG_WARN_BOOL_CONVERSION = YES;
				CLANG_WARN_COMMA = YES;
				CLANG_WARN_CONSTANT_CONVERSION = YES;
				CLANG_WARN_DEPRECATED_OBJC_IMPLEMENTATIONS = YES;
				CLANG_WARN_DIRECT_OBJC_ISA_USAGE = YES_ERROR;
				CLANG_WARN_DOCUMENTATION_COMMENTS = YES;
				CLANG_WARN_EMPTY_BODY = YES;
				CLANG_WARN_ENUM_CONVERSION = YES;
				CLANG_WARN_INFINITE_RECURSION = YES;
				CLANG_WARN_INT_CONVERSION = YES;
				CLANG_WARN_NON_LITERAL_NULL_CONVERSION = YES;
				CLANG_WARN_OBJC_IMPLICIT_RETAIN_SELF = YES;
				CLANG_WARN_OBJC_LITERAL_CONVERSION = YES;
				CLANG_WARN_OBJC_ROOT_CLASS = YES_ERROR;
				CLANG_WARN_QUOTED_INCLUDE_IN_FRAMEWORK_HEADER = YES;
				CLANG_WARN_RANGE_LOOP_ANALYSIS = YES;
				CLANG_WARN_STRICT_PROTOTYPES = YES;
				CLANG_WARN_SUSPICIOUS_MOVE = YES;
				CLANG_WARN_UNGUARDED_AVAILABILITY = YES_AGGRESSIVE;
				CLANG_WARN_UNREACHABLE_CODE = YES;
				CLANG_WARN__DUPLICATE_METHOD_MATCH = YES;
				COPY_PHASE_STRIP = NO;
				DEBUG_INFORMATION_FORMAT = dwarf;
				ENABLE_STRICT_OBJC_MSGSEND = YES;
				ENABLE_TESTABILITY = YES;
				ENABLE_USER_SCRIPT_SANDBOXING = YES;
				GCC_C_LANGUAGE_STANDARD = gnu17;
				GCC_DYNAMIC_NO_PIC = NO;
				GCC_NO_COMMON_BLOCKS = YES;
				GCC_OPTIMIZATION_LEVEL = 0;
				GCC_PREPROCESSOR_DEFINITIONS = (
					"DEBUG=1",
					"$(inherited)",
				);
				GCC_WARN_64_TO_32_BIT_CONVERSION = YES;
				GCC_WARN_ABOUT_RETURN_TYPE = YES_ERROR;
				GCC_WARN_UNDECLARED_SELECTOR = YES;
				GCC_WARN_UNINITIALIZED_AUTOS = YES_AGGRESSIVE;
				GCC_WARN_UNUSED_FUNCTION = YES;
				GCC_WARN_UNUSED_VARIABLE = YES;
				IPHONEOS_DEPLOYMENT_TARGET = 17.5;
				LOCALIZATION_PREFERS_STRING_CATALOGS = YES;
				MTL_ENABLE_DEBUG_INFO = INCLUDE_SOURCE;
				MTL_FAST_MATH = YES;
				ONLY_ACTIVE_ARCH = YES;
				SDKROOT = iphoneos;
				SWIFT_ACTIVE_COMPILATION_CONDITIONS = "DEBUG $(inherited)";
				SWIFT_OPTIMIZATION_LEVEL = "-Onone";
			};
			name = Debug;
		};
		60A018C62CF6481700F4A823 /* Release */ = {
			isa = XCBuildConfiguration;
			buildSettings = {
				ALWAYS_SEARCH_USER_PATHS = NO;
				ASSETCATALOG_COMPILER_GENERATE_SWIFT_ASSET_SYMBOL_EXTENSIONS = YES;
				CLANG_ANALYZER_NONNULL = YES;
				CLANG_ANALYZER_NUMBER_OBJECT_CONVERSION = YES_AGGRESSIVE;
				CLANG_CXX_LANGUAGE_STANDARD = "gnu++20";
				CLANG_ENABLE_MODULES = YES;
				CLANG_ENABLE_OBJC_ARC = YES;
				CLANG_ENABLE_OBJC_WEAK = YES;
				CLANG_WARN_BLOCK_CAPTURE_AUTORELEASING = YES;
				CLANG_WARN_BOOL_CONVERSION = YES;
				CLANG_WARN_COMMA = YES;
				CLANG_WARN_CONSTANT_CONVERSION = YES;
				CLANG_WARN_DEPRECATED_OBJC_IMPLEMENTATIONS = YES;
				CLANG_WARN_DIRECT_OBJC_ISA_USAGE = YES_ERROR;
				CLANG_WARN_DOCUMENTATION_COMMENTS = YES;
				CLANG_WARN_EMPTY_BODY = YES;
				CLANG_WARN_ENUM_CONVERSION = YES;
				CLANG_WARN_INFINITE_RECURSION = YES;
				CLANG_WARN_INT_CONVERSION = YES;
				CLANG_WARN_NON_LITERAL_NULL_CONVERSION = YES;
				CLANG_WARN_OBJC_IMPLICIT_RETAIN_SELF = YES;
				CLANG_WARN_OBJC_LITERAL_CONVERSION = YES;
				CLANG_WARN_OBJC_ROOT_CLASS = YES_ERROR;
				CLANG_WARN_QUOTED_INCLUDE_IN_FRAMEWORK_HEADER = YES;
				CLANG_WARN_RANGE_LOOP_ANALYSIS = YES;
				CLANG_WARN_STRICT_PROTOTYPES = YES;
				CLANG_WARN_SUSPICIOUS_MOVE = YES;
				CLANG_WARN_UNGUARDED_AVAILABILITY = YES_AGGRESSIVE;
				CLANG_WARN_UNREACHABLE_CODE = YES;
				CLANG_WARN__DUPLICATE_METHOD_MATCH = YES;
				COPY_PHASE_STRIP = NO;
				DEBUG_INFORMATION_FORMAT = "dwarf-with-dsym";
				ENABLE_NS_ASSERTIONS = NO;
				ENABLE_STRICT_OBJC_MSGSEND = YES;
				ENABLE_USER_SCRIPT_SANDBOXING = YES;
				GCC_C_LANGUAGE_STANDARD = gnu17;
				GCC_NO_COMMON_BLOCKS = YES;
				GCC_WARN_64_TO_32_BIT_CONVERSION = YES;
				GCC_WARN_ABOUT_RETURN_TYPE = YES_ERROR;
				GCC_WARN_UNDECLARED_SELECTOR = YES;
				GCC_WARN_UNINITIALIZED_AUTOS = YES_AGGRESSIVE;
				GCC_WARN_UNUSED_FUNCTION = YES;
				GCC_WARN_UNUSED_VARIABLE = YES;
				IPHONEOS_DEPLOYMENT_TARGET = 17.5;
				LOCALIZATION_PREFERS_STRING_CATALOGS = YES;
				MTL_ENABLE_DEBUG_INFO = NO;
				MTL_FAST_MATH = YES;
				SDKROOT = iphoneos;
				SWIFT_COMPILATION_MODE = wholemodule;
				VALIDATE_PRODUCT = YES;
			};
			name = Release;
		};
		60A018C82CF6481700F4A823 /* Debug */ = {
			isa = XCBuildConfiguration;
			buildSettings = {
				ASSETCATALOG_COMPILER_APPICON_NAME = AppIcon;
				ASSETCATALOG_COMPILER_GLOBAL_ACCENT_COLOR_NAME = AccentColor;
				CODE_SIGN_STYLE = Automatic;
				CURRENT_PROJECT_VERSION = 1;
				DEVELOPMENT_ASSET_PATHS = "\"The Ultimate Recipe Hub/Preview Content\"";
				DEVELOPMENT_TEAM = B8K68B272P;
				ENABLE_PREVIEWS = YES;
				GENERATE_INFOPLIST_FILE = YES;
				INFOPLIST_KEY_UIApplicationSceneManifest_Generation = YES;
				INFOPLIST_KEY_UIApplicationSupportsIndirectInputEvents = YES;
				INFOPLIST_KEY_UILaunchScreen_Generation = YES;
				INFOPLIST_KEY_UISupportedInterfaceOrientations_iPad = "UIInterfaceOrientationPortrait UIInterfaceOrientationPortraitUpsideDown UIInterfaceOrientationLandscapeLeft UIInterfaceOrientationLandscapeRight";
				INFOPLIST_KEY_UISupportedInterfaceOrientations_iPhone = "UIInterfaceOrientationPortrait UIInterfaceOrientationLandscapeLeft UIInterfaceOrientationLandscapeRight";
				LD_RUNPATH_SEARCH_PATHS = (
					"$(inherited)",
					"@executable_path/Frameworks",
				);
				MARKETING_VERSION = 1.0;
				PRODUCT_BUNDLE_IDENTIFIER = "com.The-Ultimate-Recipe-Hub";
				PRODUCT_NAME = "$(TARGET_NAME)";
				SWIFT_EMIT_LOC_STRINGS = YES;
				SWIFT_VERSION = 5.0;
				TARGETED_DEVICE_FAMILY = "1,2";
			};
			name = Debug;
		};
		60A018C92CF6481700F4A823 /* Release */ = {
			isa = XCBuildConfiguration;
			buildSettings = {
				ASSETCATALOG_COMPILER_APPICON_NAME = AppIcon;
				ASSETCATALOG_COMPILER_GLOBAL_ACCENT_COLOR_NAME = AccentColor;
				CODE_SIGN_STYLE = Automatic;
				CURRENT_PROJECT_VERSION = 1;
				DEVELOPMENT_ASSET_PATHS = "\"The Ultimate Recipe Hub/Preview Content\"";
				DEVELOPMENT_TEAM = B8K68B272P;
				ENABLE_PREVIEWS = YES;
				GENERATE_INFOPLIST_FILE = YES;
				INFOPLIST_KEY_UIApplicationSceneManifest_Generation = YES;
				INFOPLIST_KEY_UIApplicationSupportsIndirectInputEvents = YES;
				INFOPLIST_KEY_UILaunchScreen_Generation = YES;
				INFOPLIST_KEY_UISupportedInterfaceOrientations_iPad = "UIInterfaceOrientationPortrait UIInterfaceOrientationPortraitUpsideDown UIInterfaceOrientationLandscapeLeft UIInterfaceOrientationLandscapeRight";
				INFOPLIST_KEY_UISupportedInterfaceOrientations_iPhone = "UIInterfaceOrientationPortrait UIInterfaceOrientationLandscapeLeft UIInterfaceOrientationLandscapeRight";
				LD_RUNPATH_SEARCH_PATHS = (
					"$(inherited)",
					"@executable_path/Frameworks",
				);
				MARKETING_VERSION = 1.0;
				PRODUCT_BUNDLE_IDENTIFIER = "com.The-Ultimate-Recipe-Hub";
				PRODUCT_NAME = "$(TARGET_NAME)";
				SWIFT_EMIT_LOC_STRINGS = YES;
				SWIFT_VERSION = 5.0;
				TARGETED_DEVICE_FAMILY = "1,2";
			};
			name = Release;
		};
		60A018CB2CF6481700F4A823 /* Debug */ = {
			isa = XCBuildConfiguration;
			buildSettings = {
				ALWAYS_EMBED_SWIFT_STANDARD_LIBRARIES = YES;
				BUNDLE_LOADER = "$(TEST_HOST)";
				CODE_SIGN_STYLE = Automatic;
				CURRENT_PROJECT_VERSION = 1;
				DEVELOPMENT_TEAM = B8K68B272P;
				GENERATE_INFOPLIST_FILE = YES;
				IPHONEOS_DEPLOYMENT_TARGET = 17.5;
				MARKETING_VERSION = 1.0;
				PRODUCT_BUNDLE_IDENTIFIER = "com.The-Ultimate-Recipe-HubTests";
				PRODUCT_NAME = "$(TARGET_NAME)";
				SWIFT_EMIT_LOC_STRINGS = NO;
				SWIFT_VERSION = 5.0;
				TARGETED_DEVICE_FAMILY = "1,2";
				TEST_HOST = "$(BUILT_PRODUCTS_DIR)/The Ultimate Recipe Hub.app/$(BUNDLE_EXECUTABLE_FOLDER_PATH)/The Ultimate Recipe Hub";
			};
			name = Debug;
		};
		60A018CC2CF6481700F4A823 /* Release */ = {
			isa = XCBuildConfiguration;
			buildSettings = {
				ALWAYS_EMBED_SWIFT_STANDARD_LIBRARIES = YES;
				BUNDLE_LOADER = "$(TEST_HOST)";
				CODE_SIGN_STYLE = Automatic;
				CURRENT_PROJECT_VERSION = 1;
				DEVELOPMENT_TEAM = B8K68B272P;
				GENERATE_INFOPLIST_FILE = YES;
				IPHONEOS_DEPLOYMENT_TARGET = 17.5;
				MARKETING_VERSION = 1.0;
				PRODUCT_BUNDLE_IDENTIFIER = "com.The-Ultimate-Recipe-HubTests";
				PRODUCT_NAME = "$(TARGET_NAME)";
				SWIFT_EMIT_LOC_STRINGS = NO;
				SWIFT_VERSION = 5.0;
				TARGETED_DEVICE_FAMILY = "1,2";
				TEST_HOST = "$(BUILT_PRODUCTS_DIR)/The Ultimate Recipe Hub.app/$(BUNDLE_EXECUTABLE_FOLDER_PATH)/The Ultimate Recipe Hub";
			};
			name = Release;
		};
		60A018CE2CF6481700F4A823 /* Debug */ = {
			isa = XCBuildConfiguration;
			buildSettings = {
				ALWAYS_EMBED_SWIFT_STANDARD_LIBRARIES = YES;
				CODE_SIGN_STYLE = Automatic;
				CURRENT_PROJECT_VERSION = 1;
				DEVELOPMENT_TEAM = B8K68B272P;
				GENERATE_INFOPLIST_FILE = YES;
				MARKETING_VERSION = 1.0;
				PRODUCT_BUNDLE_IDENTIFIER = "com.The-Ultimate-Recipe-HubUITests";
				PRODUCT_NAME = "$(TARGET_NAME)";
				SWIFT_EMIT_LOC_STRINGS = NO;
				SWIFT_VERSION = 5.0;
				TARGETED_DEVICE_FAMILY = "1,2";
				TEST_TARGET_NAME = "The Ultimate Recipe Hub";
			};
			name = Debug;
		};
		60A018CF2CF6481700F4A823 /* Release */ = {
			isa = XCBuildConfiguration;
			buildSettings = {
				ALWAYS_EMBED_SWIFT_STANDARD_LIBRARIES = YES;
				CODE_SIGN_STYLE = Automatic;
				CURRENT_PROJECT_VERSION = 1;
				DEVELOPMENT_TEAM = B8K68B272P;
				GENERATE_INFOPLIST_FILE = YES;
				MARKETING_VERSION = 1.0;
				PRODUCT_BUNDLE_IDENTIFIER = "com.The-Ultimate-Recipe-HubUITests";
				PRODUCT_NAME = "$(TARGET_NAME)";
				SWIFT_EMIT_LOC_STRINGS = NO;
				SWIFT_VERSION = 5.0;
				TARGETED_DEVICE_FAMILY = "1,2";
				TEST_TARGET_NAME = "The Ultimate Recipe Hub";
			};
			name = Release;
		};
/* End XCBuildConfiguration section */

/* Begin XCConfigurationList section */
		60A0189E2CF6481500F4A823 /* Build configuration list for PBXProject "The Ultimate Recipe Hub" */ = {
			isa = XCConfigurationList;
			buildConfigurations = (
				60A018C52CF6481700F4A823 /* Debug */,
				60A018C62CF6481700F4A823 /* Release */,
			);
			defaultConfigurationIsVisible = 0;
			defaultConfigurationName = Release;
		};
		60A018C72CF6481700F4A823 /* Build configuration list for PBXNativeTarget "The Ultimate Recipe Hub" */ = {
			isa = XCConfigurationList;
			buildConfigurations = (
				60A018C82CF6481700F4A823 /* Debug */,
				60A018C92CF6481700F4A823 /* Release */,
			);
			defaultConfigurationIsVisible = 0;
			defaultConfigurationName = Release;
		};
		60A018CA2CF6481700F4A823 /* Build configuration list for PBXNativeTarget "The Ultimate Recipe HubTests" */ = {
			isa = XCConfigurationList;
			buildConfigurations = (
				60A018CB2CF6481700F4A823 /* Debug */,
				60A018CC2CF6481700F4A823 /* Release */,
			);
			defaultConfigurationIsVisible = 0;
			defaultConfigurationName = Release;
		};
		60A018CD2CF6481700F4A823 /* Build configuration list for PBXNativeTarget "The Ultimate Recipe HubUITests" */ = {
			isa = XCConfigurationList;
			buildConfigurations = (
				60A018CE2CF6481700F4A823 /* Debug */,
				60A018CF2CF6481700F4A823 /* Release */,
			);
			defaultConfigurationIsVisible = 0;
			defaultConfigurationName = Release;
		};
/* End XCConfigurationList section */
	};
	rootObject = 60A0189B2CF6481500F4A823 /* Project object */;
}
