{
  "originHash" : "0e0850993cd64c0d766eb95296033f1f1511a97e93a202ace4be2bbe9cadea09",
  "pins" : [
    {
      "identity" : "kingfisher",
      "kind" : "remoteSourceControl",
      "location" : "https://github.com/onevcat/Kingfisher",
      "state" : {
        "revision" : "e6749919f9761d573d37a7d7e78b1b854c191d7f",
        "version" : "8.1.3"
      }
    },
    {
      "identity" : "swiftsoup",
      "kind" : "remoteSourceControl",
      "location" : "https://github.com/scinfu/SwiftSoup",
      "state" : {
        "revision" : "0837db354faf9c9deb710dc597046edaadf5360f",
        "version" : "2.7.6"
      }
    }
  ],
  "version" : 3
}
